// !$*UTF8*$!
{
	archiveVersion = 1;
	classes = {
	};
	objectVersion = 55;
	objects = {

/* Begin PBXBuildFile section */
		6DBBB0C9286C0A9F001C6F21 /* AppDelegate.swift in Sources */ = {isa = PBXBuildFile; fileRef = 6DBBB0C8286C0A9F001C6F21 /* AppDelegate.swift */; };
		6DBBB0D2286C0AA1001C6F21 /* Assets.xcassets in Resources */ = {isa = PBXBuildFile; fileRef = 6DBBB0D1286C0AA1001C6F21 /* Assets.xcassets */; };
		6DBBB0D5286C0AA1001C6F21 /* LaunchScreen.storyboard in Resources */ = {isa = PBXBuildFile; fileRef = 6DBBB0D3286C0AA1001C6F21 /* LaunchScreen.storyboard */; };
		6DBBB0DE286C0BB0001C6F21 /* Moya in Frameworks */ = {isa = PBXBuildFile; productRef = 6DBBB0DD286C0BB0001C6F21 /* Moya */; };
		6DBBB0E1286C0CA4001C6F21 /* InterfaceConfigurator.swift in Sources */ = {isa = PBXBuildFile; fileRef = 6DBBB0E0286C0CA4001C6F21 /* InterfaceConfigurator.swift */; };
		6DBBB0E6286C24B6001C6F21 /* Configurations.swift in Sources */ = {isa = PBXBuildFile; fileRef = 6DBBB0E5286C24B6001C6F21 /* Configurations.swift */; };
		6DBBB0ED286C3215001C6F21 /* SongsBuilder.swift in Sources */ = {isa = PBXBuildFile; fileRef = 6DBBB0EC286C3215001C6F21 /* SongsBuilder.swift */; };
		6DBBB0EF286C3219001C6F21 /* SongsInteractor.swift in Sources */ = {isa = PBXBuildFile; fileRef = 6DBBB0EE286C3219001C6F21 /* SongsInteractor.swift */; };
		6DBBB0F1286C321E001C6F21 /* SongsPresenter.swift in Sources */ = {isa = PBXBuildFile; fileRef = 6DBBB0F0286C321E001C6F21 /* SongsPresenter.swift */; };
		6DBBB0F3286C3225001C6F21 /* SongsDataFlow.swift in Sources */ = {isa = PBXBuildFile; fileRef = 6DBBB0F2286C3225001C6F21 /* SongsDataFlow.swift */; };
		6DBBB0F5286C322F001C6F21 /* SongsViewController.swift in Sources */ = {isa = PBXBuildFile; fileRef = 6DBBB0F4286C322F001C6F21 /* SongsViewController.swift */; };
		6DBBB0F7286C324C001C6F21 /* Songs+State.swift in Sources */ = {isa = PBXBuildFile; fileRef = 6DBBB0F6286C324C001C6F21 /* Songs+State.swift */; };
		6DBBB0F9286C3251001C6F21 /* Songs+DisplayLogic.swift in Sources */ = {isa = PBXBuildFile; fileRef = 6DBBB0F8286C3251001C6F21 /* Songs+DisplayLogic.swift */; };
		6DBBB0FB286C325E001C6F21 /* SongsEndpoints.swift in Sources */ = {isa = PBXBuildFile; fileRef = 6DBBB0FA286C325E001C6F21 /* SongsEndpoints.swift */; };
		6DBBB0FD286C3262001C6F21 /* SongsService.swift in Sources */ = {isa = PBXBuildFile; fileRef = 6DBBB0FC286C3262001C6F21 /* SongsService.swift */; };
		6DBBB138286C3C5B001C6F21 /* Songs+Networking.swift in Sources */ = {isa = PBXBuildFile; fileRef = 6DBBB137286C3C5B001C6F21 /* Songs+Networking.swift */; };
		6DBBB13D286C3FF8001C6F21 /* Throttler.swift in Sources */ = {isa = PBXBuildFile; fileRef = 6DBBB13C286C3FF8001C6F21 /* Throttler.swift */; };
		6DBBB143286C407B001C6F21 /* SongsResultsBuilder.swift in Sources */ = {isa = PBXBuildFile; fileRef = 6DBBB142286C407B001C6F21 /* SongsResultsBuilder.swift */; };
		6DBBB145286C409D001C6F21 /* SongsResultsViewController.swift in Sources */ = {isa = PBXBuildFile; fileRef = 6DBBB144286C409D001C6F21 /* SongsResultsViewController.swift */; };
		6DBBB147286C40A1001C6F21 /* SongsResults+State.swift in Sources */ = {isa = PBXBuildFile; fileRef = 6DBBB146286C40A1001C6F21 /* SongsResults+State.swift */; };
		6DBBB14A286C418E001C6F21 /* SnapKit in Frameworks */ = {isa = PBXBuildFile; productRef = 6DBBB149286C418E001C6F21 /* SnapKit */; };
/* End PBXBuildFile section */

/* Begin PBXFileReference section */
		6DBBB0C5286C0A9F001C6F21 /* SitemateChallenge.app */ = {isa = PBXFileReference; explicitFileType = wrapper.application; includeInIndex = 0; path = SitemateChallenge.app; sourceTree = BUILT_PRODUCTS_DIR; };
		6DBBB0C8286C0A9F001C6F21 /* AppDelegate.swift */ = {isa = PBXFileReference; lastKnownFileType = sourcecode.swift; path = AppDelegate.swift; sourceTree = "<group>"; };
		6DBBB0D1286C0AA1001C6F21 /* Assets.xcassets */ = {isa = PBXFileReference; lastKnownFileType = folder.assetcatalog; path = Assets.xcassets; sourceTree = "<group>"; };
		6DBBB0D4286C0AA1001C6F21 /* Base */ = {isa = PBXFileReference; lastKnownFileType = file.storyboard; name = Base; path = Base.lproj/LaunchScreen.storyboard; sourceTree = "<group>"; };
		6DBBB0D6286C0AA1001C6F21 /* Info.plist */ = {isa = PBXFileReference; lastKnownFileType = text.plist.xml; path = Info.plist; sourceTree = "<group>"; };
		6DBBB0E0286C0CA4001C6F21 /* InterfaceConfigurator.swift */ = {isa = PBXFileReference; lastKnownFileType = sourcecode.swift; path = InterfaceConfigurator.swift; sourceTree = "<group>"; };
		6DBBB0E5286C24B6001C6F21 /* Configurations.swift */ = {isa = PBXFileReference; lastKnownFileType = sourcecode.swift; path = Configurations.swift; sourceTree = "<group>"; };
		6DBBB0EC286C3215001C6F21 /* SongsBuilder.swift */ = {isa = PBXFileReference; lastKnownFileType = sourcecode.swift; path = SongsBuilder.swift; sourceTree = "<group>"; };
		6DBBB0EE286C3219001C6F21 /* SongsInteractor.swift */ = {isa = PBXFileReference; lastKnownFileType = sourcecode.swift; path = SongsInteractor.swift; sourceTree = "<group>"; };
		6DBBB0F0286C321E001C6F21 /* SongsPresenter.swift */ = {isa = PBXFileReference; lastKnownFileType = sourcecode.swift; path = SongsPresenter.swift; sourceTree = "<group>"; };
		6DBBB0F2286C3225001C6F21 /* SongsDataFlow.swift */ = {isa = PBXFileReference; lastKnownFileType = sourcecode.swift; path = SongsDataFlow.swift; sourceTree = "<group>"; };
		6DBBB0F4286C322F001C6F21 /* SongsViewController.swift */ = {isa = PBXFileReference; lastKnownFileType = sourcecode.swift; path = SongsViewController.swift; sourceTree = "<group>"; };
		6DBBB0F6286C324C001C6F21 /* Songs+State.swift */ = {isa = PBXFileReference; lastKnownFileType = sourcecode.swift; path = "Songs+State.swift"; sourceTree = "<group>"; };
		6DBBB0F8286C3251001C6F21 /* Songs+DisplayLogic.swift */ = {isa = PBXFileReference; lastKnownFileType = sourcecode.swift; path = "Songs+DisplayLogic.swift"; sourceTree = "<group>"; };
		6DBBB0FA286C325E001C6F21 /* SongsEndpoints.swift */ = {isa = PBXFileReference; lastKnownFileType = sourcecode.swift; path = SongsEndpoints.swift; sourceTree = "<group>"; };
		6DBBB0FC286C3262001C6F21 /* SongsService.swift */ = {isa = PBXFileReference; lastKnownFileType = sourcecode.swift; path = SongsService.swift; sourceTree = "<group>"; };
		6DBBB137286C3C5B001C6F21 /* Songs+Networking.swift */ = {isa = PBXFileReference; lastKnownFileType = sourcecode.swift; path = "Songs+Networking.swift"; sourceTree = "<group>"; };
		6DBBB13C286C3FF8001C6F21 /* Throttler.swift */ = {isa = PBXFileReference; lastKnownFileType = sourcecode.swift; path = Throttler.swift; sourceTree = "<group>"; };
		6DBBB142286C407B001C6F21 /* SongsResultsBuilder.swift */ = {isa = PBXFileReference; lastKnownFileType = sourcecode.swift; path = SongsResultsBuilder.swift; sourceTree = "<group>"; };
		6DBBB144286C409D001C6F21 /* SongsResultsViewController.swift */ = {isa = PBXFileReference; lastKnownFileType = sourcecode.swift; path = SongsResultsViewController.swift; sourceTree = "<group>"; };
		6DBBB146286C40A1001C6F21 /* SongsResults+State.swift */ = {isa = PBXFileReference; lastKnownFileType = sourcecode.swift; path = "SongsResults+State.swift"; sourceTree = "<group>"; };
/* End PBXFileReference section */

/* Begin PBXFrameworksBuildPhase section */
		6DBBB0C2286C0A9F001C6F21 /* Frameworks */ = {
			isa = PBXFrameworksBuildPhase;
			buildActionMask = 2147483647;
			files = (
				6DBBB0DE286C0BB0001C6F21 /* Moya in Frameworks */,
				6DBBB14A286C418E001C6F21 /* SnapKit in Frameworks */,
			);
			runOnlyForDeploymentPostprocessing = 0;
		};
/* End PBXFrameworksBuildPhase section */

/* Begin PBXGroup section */
		6DBBB0BC286C0A9F001C6F21 = {
			isa = PBXGroup;
			children = (
				6DBBB0C7286C0A9F001C6F21 /* SitemateChallenge */,
				6DBBB0C6286C0A9F001C6F21 /* Products */,
			);
			sourceTree = "<group>";
		};
		6DBBB0C6286C0A9F001C6F21 /* Products */ = {
			isa = PBXGroup;
			children = (
				6DBBB0C5286C0A9F001C6F21 /* SitemateChallenge.app */,
			);
			name = Products;
			sourceTree = "<group>";
		};
		6DBBB0C7286C0A9F001C6F21 /* SitemateChallenge */ = {
			isa = PBXGroup;
			children = (
				6DBBB0DF286C0C8F001C6F21 /* Application */,
				6DBBB0E7286C288A001C6F21 /* Constants */,
				6DBBB0E2286C0DF8001C6F21 /* Scenes */,
				6DBBB0D1286C0AA1001C6F21 /* Assets.xcassets */,
				6DBBB0D3286C0AA1001C6F21 /* LaunchScreen.storyboard */,
				6DBBB0D6286C0AA1001C6F21 /* Info.plist */,
			);
			path = SitemateChallenge;
			sourceTree = "<group>";
		};
		6DBBB0DF286C0C8F001C6F21 /* Application */ = {
			isa = PBXGroup;
			children = (
				6DBBB0C8286C0A9F001C6F21 /* AppDelegate.swift */,
				6DBBB0E0286C0CA4001C6F21 /* InterfaceConfigurator.swift */,
			);
			path = Application;
			sourceTree = "<group>";
		};
		6DBBB0E2286C0DF8001C6F21 /* Scenes */ = {
			isa = PBXGroup;
			children = (
				6DBBB0E8286C31E1001C6F21 /* Songs */,
				6DBBB13E286C4048001C6F21 /* SongsResults */,
			);
			path = Scenes;
			sourceTree = "<group>";
		};
		6DBBB0E7286C288A001C6F21 /* Constants */ = {
			isa = PBXGroup;
			children = (
				6DBBB0E5286C24B6001C6F21 /* Configurations.swift */,
			);
			path = Constants;
			sourceTree = "<group>";
		};
		6DBBB0E8286C31E1001C6F21 /* Songs */ = {
			isa = PBXGroup;
			children = (
				6DBBB13B286C3FF1001C6F21 /* Common */,
				6DBBB0E9286C31ED001C6F21 /* Controller */,
				6DBBB0EB286C31F4001C6F21 /* Provider */,
				6DBBB0EC286C3215001C6F21 /* SongsBuilder.swift */,
				6DBBB0F2286C3225001C6F21 /* SongsDataFlow.swift */,
				6DBBB0EE286C3219001C6F21 /* SongsInteractor.swift */,
				6DBBB0F0286C321E001C6F21 /* SongsPresenter.swift */,
			);
			path = Songs;
			sourceTree = "<group>";
		};
		6DBBB0E9286C31ED001C6F21 /* Controller */ = {
			isa = PBXGroup;
			children = (
				6DBBB0F4286C322F001C6F21 /* SongsViewController.swift */,
				6DBBB137286C3C5B001C6F21 /* Songs+Networking.swift */,
				6DBBB0F8286C3251001C6F21 /* Songs+DisplayLogic.swift */,
				6DBBB0F6286C324C001C6F21 /* Songs+State.swift */,
			);
			path = Controller;
			sourceTree = "<group>";
		};
		6DBBB0EB286C31F4001C6F21 /* Provider */ = {
			isa = PBXGroup;
			children = (
				6DBBB0FA286C325E001C6F21 /* SongsEndpoints.swift */,
				6DBBB0FC286C3262001C6F21 /* SongsService.swift */,
			);
			path = Provider;
			sourceTree = "<group>";
		};
		6DBBB13B286C3FF1001C6F21 /* Common */ = {
			isa = PBXGroup;
			children = (
				6DBBB13C286C3FF8001C6F21 /* Throttler.swift */,
			);
			path = Common;
			sourceTree = "<group>";
		};
		6DBBB13E286C4048001C6F21 /* SongsResults */ = {
			isa = PBXGroup;
			children = (
				6DBBB13F286C4056001C6F21 /* Controller */,
				6DBBB142286C407B001C6F21 /* SongsResultsBuilder.swift */,
			);
			path = SongsResults;
			sourceTree = "<group>";
		};
		6DBBB13F286C4056001C6F21 /* Controller */ = {
			isa = PBXGroup;
			children = (
				6DBBB144286C409D001C6F21 /* SongsResultsViewController.swift */,
				6DBBB146286C40A1001C6F21 /* SongsResults+State.swift */,
			);
			path = Controller;
			sourceTree = "<group>";
		};
/* End PBXGroup section */

/* Begin PBXNativeTarget section */
		6DBBB0C4286C0A9F001C6F21 /* SitemateChallenge */ = {
			isa = PBXNativeTarget;
			buildConfigurationList = 6DBBB0D9286C0AA1001C6F21 /* Build configuration list for PBXNativeTarget "SitemateChallenge" */;
			buildPhases = (
				6DBBB0C1286C0A9F001C6F21 /* Sources */,
				6DBBB0C2286C0A9F001C6F21 /* Frameworks */,
				6DBBB0C3286C0A9F001C6F21 /* Resources */,
			);
			buildRules = (
			);
			dependencies = (
			);
			name = SitemateChallenge;
			packageProductDependencies = (
				6DBBB0DD286C0BB0001C6F21 /* Moya */,
				6DBBB149286C418E001C6F21 /* SnapKit */,
			);
			productName = SitemateChallenge;
			productReference = 6DBBB0C5286C0A9F001C6F21 /* SitemateChallenge.app */;
			productType = "com.apple.product-type.application";
		};
/* End PBXNativeTarget section */

/* Begin PBXProject section */
		6DBBB0BD286C0A9F001C6F21 /* Project object */ = {
			isa = PBXProject;
			attributes = {
				BuildIndependentTargetsInParallel = 1;
				LastSwiftUpdateCheck = 1340;
				LastUpgradeCheck = 1340;
				TargetAttributes = {
					6DBBB0C4286C0A9F001C6F21 = {
						CreatedOnToolsVersion = 13.4;
					};
				};
			};
			buildConfigurationList = 6DBBB0C0286C0A9F001C6F21 /* Build configuration list for PBXProject "SitemateChallenge" */;
			compatibilityVersion = "Xcode 13.0";
			developmentRegion = en;
			hasScannedForEncodings = 0;
			knownRegions = (
				en,
				Base,
			);
			mainGroup = 6DBBB0BC286C0A9F001C6F21;
			packageReferences = (
				6DBBB0DC286C0BB0001C6F21 /* XCRemoteSwiftPackageReference "Moya" */,
				6DBBB148286C418E001C6F21 /* XCRemoteSwiftPackageReference "SnapKit" */,
			);
			productRefGroup = 6DBBB0C6286C0A9F001C6F21 /* Products */;
			projectDirPath = "";
			projectRoot = "";
			targets = (
				6DBBB0C4286C0A9F001C6F21 /* SitemateChallenge */,
			);
		};
/* End PBXProject section */

/* Begin PBXResourcesBuildPhase section */
		6DBBB0C3286C0A9F001C6F21 /* Resources */ = {
			isa = PBXResourcesBuildPhase;
			buildActionMask = 2147483647;
			files = (
				6DBBB0D5286C0AA1001C6F21 /* LaunchScreen.storyboard in Resources */,
				6DBBB0D2286C0AA1001C6F21 /* Assets.xcassets in Resources */,
			);
			runOnlyForDeploymentPostprocessing = 0;
		};
/* End PBXResourcesBuildPhase section */

/* Begin PBXSourcesBuildPhase section */
		6DBBB0C1286C0A9F001C6F21 /* Sources */ = {
			isa = PBXSourcesBuildPhase;
			buildActionMask = 2147483647;
			files = (
				6DBBB0F3286C3225001C6F21 /* SongsDataFlow.swift in Sources */,
				6DBBB145286C409D001C6F21 /* SongsResultsViewController.swift in Sources */,
				6DBBB0F7286C324C001C6F21 /* Songs+State.swift in Sources */,
				6DBBB0E1286C0CA4001C6F21 /* InterfaceConfigurator.swift in Sources */,
				6DBBB0E6286C24B6001C6F21 /* Configurations.swift in Sources */,
				6DBBB138286C3C5B001C6F21 /* Songs+Networking.swift in Sources */,
				6DBBB0F9286C3251001C6F21 /* Songs+DisplayLogic.swift in Sources */,
				6DBBB0EF286C3219001C6F21 /* SongsInteractor.swift in Sources */,
				6DBBB143286C407B001C6F21 /* SongsResultsBuilder.swift in Sources */,
				6DBBB0FB286C325E001C6F21 /* SongsEndpoints.swift in Sources */,
				6DBBB0ED286C3215001C6F21 /* SongsBuilder.swift in Sources */,
				6DBBB0FD286C3262001C6F21 /* SongsService.swift in Sources */,
				6DBBB13D286C3FF8001C6F21 /* Throttler.swift in Sources */,
				6DBBB0F5286C322F001C6F21 /* SongsViewController.swift in Sources */,
				6DBBB0C9286C0A9F001C6F21 /* AppDelegate.swift in Sources */,
				6DBBB0F1286C321E001C6F21 /* SongsPresenter.swift in Sources */,
				6DBBB147286C40A1001C6F21 /* SongsResults+State.swift in Sources */,
			);
			runOnlyForDeploymentPostprocessing = 0;
		};
/* End PBXSourcesBuildPhase section */

/* Begin PBXVariantGroup section */
		6DBBB0D3286C0AA1001C6F21 /* LaunchScreen.storyboard */ = {
			isa = PBXVariantGroup;
			children = (
				6DBBB0D4286C0AA1001C6F21 /* Base */,
			);
			name = LaunchScreen.storyboard;
			sourceTree = "<group>";
		};
/* End PBXVariantGroup section */

/* Begin XCBuildConfiguration section */
		6DBBB0D7286C0AA1001C6F21 /* Debug */ = {
			isa = XCBuildConfiguration;
			buildSettings = {
				ALWAYS_SEARCH_USER_PATHS = NO;
				CLANG_ANALYZER_NONNULL = YES;
				CLANG_ANALYZER_NUMBER_OBJECT_CONVERSION = YES_AGGRESSIVE;
				CLANG_CXX_LANGUAGE_STANDARD = "gnu++17";
				CLANG_ENABLE_MODULES = YES;
				CLANG_ENABLE_OBJC_ARC = YES;
				CLANG_ENABLE_OBJC_WEAK = YES;
				CLANG_WARN_BLOCK_CAPTURE_AUTORELEASING = YES;
				CLANG_WARN_BOOL_CONVERSION = YES;
				CLANG_WARN_COMMA = YES;
				CLANG_WARN_CONSTANT_CONVERSION = YES;
				CLANG_WARN_DEPRECATED_OBJC_IMPLEMENTATIONS = YES;
				CLANG_WARN_DIRECT_OBJC_ISA_USAGE = YES_ERROR;
				CLANG_WARN_DOCUMENTATION_COMMENTS = YES;
				CLANG_WARN_EMPTY_BODY = YES;
				CLANG_WARN_ENUM_CONVERSION = YES;
				CLANG_WARN_INFINITE_RECURSION = YES;
				CLANG_WARN_INT_CONVERSION = YES;
				CLANG_WARN_NON_LITERAL_NULL_CONVERSION = YES;
				CLANG_WARN_OBJC_IMPLICIT_RETAIN_SELF = YES;
				CLANG_WARN_OBJC_LITERAL_CONVERSION = YES;
				CLANG_WARN_OBJC_ROOT_CLASS = YES_ERROR;
				CLANG_WARN_QUOTED_INCLUDE_IN_FRAMEWORK_HEADER = YES;
				CLANG_WARN_RANGE_LOOP_ANALYSIS = YES;
				CLANG_WARN_STRICT_PROTOTYPES = YES;
				CLANG_WARN_SUSPICIOUS_MOVE = YES;
				CLANG_WARN_UNGUARDED_AVAILABILITY = YES_AGGRESSIVE;
				CLANG_WARN_UNREACHABLE_CODE = YES;
				CLANG_WARN__DUPLICATE_METHOD_MATCH = YES;
				COPY_PHASE_STRIP = NO;
				DEBUG_INFORMATION_FORMAT = dwarf;
				ENABLE_STRICT_OBJC_MSGSEND = YES;
				ENABLE_TESTABILITY = YES;
				GCC_C_LANGUAGE_STANDARD = gnu11;
				GCC_DYNAMIC_NO_PIC = NO;
				GCC_NO_COMMON_BLOCKS = YES;
				GCC_OPTIMIZATION_LEVEL = 0;
				GCC_PREPROCESSOR_DEFINITIONS = (
					"DEBUG=1",
					"$(inherited)",
				);
				GCC_WARN_64_TO_32_BIT_CONVERSION = YES;
				GCC_WARN_ABOUT_RETURN_TYPE = YES_ERROR;
				GCC_WARN_UNDECLARED_SELECTOR = YES;
				GCC_WARN_UNINITIALIZED_AUTOS = YES_AGGRESSIVE;
				GCC_WARN_UNUSED_FUNCTION = YES;
				GCC_WARN_UNUSED_VARIABLE = YES;
				IPHONEOS_DEPLOYMENT_TARGET = 15.5;
				MTL_ENABLE_DEBUG_INFO = INCLUDE_SOURCE;
				MTL_FAST_MATH = YES;
				ONLY_ACTIVE_ARCH = YES;
				SDKROOT = iphoneos;
				SWIFT_ACTIVE_COMPILATION_CONDITIONS = DEBUG;
				SWIFT_OPTIMIZATION_LEVEL = "-Onone";
			};
			name = Debug;
		};
		6DBBB0D8286C0AA1001C6F21 /* Release */ = {
			isa = XCBuildConfiguration;
			buildSettings = {
				ALWAYS_SEARCH_USER_PATHS = NO;
				CLANG_ANALYZER_NONNULL = YES;
				CLANG_ANALYZER_NUMBER_OBJECT_CONVERSION = YES_AGGRESSIVE;
				CLANG_CXX_LANGUAGE_STANDARD = "gnu++17";
				CLANG_ENABLE_MODULES = YES;
				CLANG_ENABLE_OBJC_ARC = YES;
				CLANG_ENABLE_OBJC_WEAK = YES;
				CLANG_WARN_BLOCK_CAPTURE_AUTORELEASING = YES;
				CLANG_WARN_BOOL_CONVERSION = YES;
				CLANG_WARN_COMMA = YES;
				CLANG_WARN_CONSTANT_CONVERSION = YES;
				CLANG_WARN_DEPRECATED_OBJC_IMPLEMENTATIONS = YES;
				CLANG_WARN_DIRECT_OBJC_ISA_USAGE = YES_ERROR;
				CLANG_WARN_DOCUMENTATION_COMMENTS = YES;
				CLANG_WARN_EMPTY_BODY = YES;
				CLANG_WARN_ENUM_CONVERSION = YES;
				CLANG_WARN_INFINITE_RECURSION = YES;
				CLANG_WARN_INT_CONVERSION = YES;
				CLANG_WARN_NON_LITERAL_NULL_CONVERSION = YES;
				CLANG_WARN_OBJC_IMPLICIT_RETAIN_SELF = YES;
				CLANG_WARN_OBJC_LITERAL_CONVERSION = YES;
				CLANG_WARN_OBJC_ROOT_CLASS = YES_ERROR;
				CLANG_WARN_QUOTED_INCLUDE_IN_FRAMEWORK_HEADER = YES;
				CLANG_WARN_RANGE_LOOP_ANALYSIS = YES;
				CLANG_WARN_STRICT_PROTOTYPES = YES;
				CLANG_WARN_SUSPICIOUS_MOVE = YES;
				CLANG_WARN_UNGUARDED_AVAILABILITY = YES_AGGRESSIVE;
				CLANG_WARN_UNREACHABLE_CODE = YES;
				CLANG_WARN__DUPLICATE_METHOD_MATCH = YES;
				COPY_PHASE_STRIP = NO;
				DEBUG_INFORMATION_FORMAT = "dwarf-with-dsym";
				ENABLE_NS_ASSERTIONS = NO;
				ENABLE_STRICT_OBJC_MSGSEND = YES;
				GCC_C_LANGUAGE_STANDARD = gnu11;
				GCC_NO_COMMON_BLOCKS = YES;
				GCC_WARN_64_TO_32_BIT_CONVERSION = YES;
				GCC_WARN_ABOUT_RETURN_TYPE = YES_ERROR;
				GCC_WARN_UNDECLARED_SELECTOR = YES;
				GCC_WARN_UNINITIALIZED_AUTOS = YES_AGGRESSIVE;
				GCC_WARN_UNUSED_FUNCTION = YES;
				GCC_WARN_UNUSED_VARIABLE = YES;
				IPHONEOS_DEPLOYMENT_TARGET = 15.5;
				MTL_ENABLE_DEBUG_INFO = NO;
				MTL_FAST_MATH = YES;
				SDKROOT = iphoneos;
				SWIFT_COMPILATION_MODE = wholemodule;
				SWIFT_OPTIMIZATION_LEVEL = "-O";
				VALIDATE_PRODUCT = YES;
			};
			name = Release;
		};
		6DBBB0DA286C0AA1001C6F21 /* Debug */ = {
			isa = XCBuildConfiguration;
			buildSettings = {
				ASSETCATALOG_COMPILER_APPICON_NAME = AppIcon;
				ASSETCATALOG_COMPILER_GLOBAL_ACCENT_COLOR_NAME = AccentColor;
				CODE_SIGN_STYLE = Automatic;
				CURRENT_PROJECT_VERSION = 1;
				DEVELOPMENT_TEAM = 5QQH255ZJ3;
				GENERATE_INFOPLIST_FILE = YES;
				INFOPLIST_FILE = SitemateChallenge/Info.plist;
				INFOPLIST_KEY_UIApplicationSupportsIndirectInputEvents = YES;
				INFOPLIST_KEY_UILaunchStoryboardName = LaunchScreen;
				INFOPLIST_KEY_UISupportedInterfaceOrientations_iPad = "UIInterfaceOrientationPortrait UIInterfaceOrientationPortraitUpsideDown UIInterfaceOrientationLandscapeLeft UIInterfaceOrientationLandscapeRight";
				INFOPLIST_KEY_UISupportedInterfaceOrientations_iPhone = "UIInterfaceOrientationPortrait UIInterfaceOrientationLandscapeLeft UIInterfaceOrientationLandscapeRight";
				LD_RUNPATH_SEARCH_PATHS = (
					"$(inherited)",
					"@executable_path/Frameworks",
				);
				MARKETING_VERSION = 1.0;
				PRODUCT_BUNDLE_IDENTIFIER = kz.turganbekuly.SitemateChallenge;
				PRODUCT_NAME = "$(TARGET_NAME)";
				SWIFT_EMIT_LOC_STRINGS = YES;
				SWIFT_VERSION = 5.0;
				TARGETED_DEVICE_FAMILY = "1,2";
			};
			name = Debug;
		};
		6DBBB0DB286C0AA1001C6F21 /* Release */ = {
			isa = XCBuildConfiguration;
			buildSettings = {
				ASSETCATALOG_COMPILER_APPICON_NAME = AppIcon;
				ASSETCATALOG_COMPILER_GLOBAL_ACCENT_COLOR_NAME = AccentColor;
				CODE_SIGN_STYLE = Automatic;
				CURRENT_PROJECT_VERSION = 1;
				DEVELOPMENT_TEAM = 5QQH255ZJ3;
				GENERATE_INFOPLIST_FILE = YES;
				INFOPLIST_FILE = SitemateChallenge/Info.plist;
				INFOPLIST_KEY_UIApplicationSupportsIndirectInputEvents = YES;
				INFOPLIST_KEY_UILaunchStoryboardName = LaunchScreen;
				INFOPLIST_KEY_UISupportedInterfaceOrientations_iPad = "UIInterfaceOrientationPortrait UIInterfaceOrientationPortraitUpsideDown UIInterfaceOrientationLandscapeLeft UIInterfaceOrientationLandscapeRight";
				INFOPLIST_KEY_UISupportedInterfaceOrientations_iPhone = "UIInterfaceOrientationPortrait UIInterfaceOrientationLandscapeLeft UIInterfaceOrientationLandscapeRight";
				LD_RUNPATH_SEARCH_PATHS = (
					"$(inherited)",
					"@executable_path/Frameworks",
				);
				MARKETING_VERSION = 1.0;
				PRODUCT_BUNDLE_IDENTIFIER = kz.turganbekuly.SitemateChallenge;
				PRODUCT_NAME = "$(TARGET_NAME)";
				SWIFT_EMIT_LOC_STRINGS = YES;
				SWIFT_VERSION = 5.0;
				TARGETED_DEVICE_FAMILY = "1,2";
			};
			name = Release;
		};
/* End XCBuildConfiguration section */

/* Begin XCConfigurationList section */
		6DBBB0C0286C0A9F001C6F21 /* Build configuration list for PBXProject "SitemateChallenge" */ = {
			isa = XCConfigurationList;
			buildConfigurations = (
				6DBBB0D7286C0AA1001C6F21 /* Debug */,
				6DBBB0D8286C0AA1001C6F21 /* Release */,
			);
			defaultConfigurationIsVisible = 0;
			defaultConfigurationName = Release;
		};
		6DBBB0D9286C0AA1001C6F21 /* Build configuration list for PBXNativeTarget "SitemateChallenge" */ = {
			isa = XCConfigurationList;
			buildConfigurations = (
				6DBBB0DA286C0AA1001C6F21 /* Debug */,
				6DBBB0DB286C0AA1001C6F21 /* Release */,
			);
			defaultConfigurationIsVisible = 0;
			defaultConfigurationName = Release;
		};
/* End XCConfigurationList section */

/* Begin XCRemoteSwiftPackageReference section */
		6DBBB0DC286C0BB0001C6F21 /* XCRemoteSwiftPackageReference "Moya" */ = {
			isa = XCRemoteSwiftPackageReference;
			repositoryURL = "https://github.com/Moya/Moya.git";
			requirement = {
				kind = upToNextMajorVersion;
				minimumVersion = 15.0.0;
			};
		};
		6DBBB148286C418E001C6F21 /* XCRemoteSwiftPackageReference "SnapKit" */ = {
			isa = XCRemoteSwiftPackageReference;
			repositoryURL = "https://github.com/SnapKit/SnapKit.git";
			requirement = {
				branch = develop;
				kind = branch;
			};
		};
/* End XCRemoteSwiftPackageReference section */

/* Begin XCSwiftPackageProductDependency section */
		6DBBB0DD286C0BB0001C6F21 /* Moya */ = {
			isa = XCSwiftPackageProductDependency;
			package = 6DBBB0DC286C0BB0001C6F21 /* XCRemoteSwiftPackageReference "Moya" */;
			productName = Moya;
		};
		6DBBB149286C418E001C6F21 /* SnapKit */ = {
			isa = XCSwiftPackageProductDependency;
			package = 6DBBB148286C418E001C6F21 /* XCRemoteSwiftPackageReference "SnapKit" */;
			productName = SnapKit;
		};
/* End XCSwiftPackageProductDependency section */
	};
	rootObject = 6DBBB0BD286C0A9F001C6F21 /* Project object */;
}
